// !$*UTF8*$!
{
	archiveVersion = 1;
	classes = {
	};
	objectVersion = 50;
	objects = {

/* Begin PBXBuildFile section */
		5349CB3724EDFF80005EF19E /* AppDelegate.swift in Sources */ = {isa = PBXBuildFile; fileRef = 5349CB3624EDFF80005EF19E /* AppDelegate.swift */; };
		5349CB3924EDFF80005EF19E /* SceneDelegate.swift in Sources */ = {isa = PBXBuildFile; fileRef = 5349CB3824EDFF80005EF19E /* SceneDelegate.swift */; };
		5349CB3B24EDFF80005EF19E /* ViewController.swift in Sources */ = {isa = PBXBuildFile; fileRef = 5349CB3A24EDFF80005EF19E /* ViewController.swift */; };
		5349CB3E24EDFF80005EF19E /* Main.storyboard in Resources */ = {isa = PBXBuildFile; fileRef = 5349CB3C24EDFF80005EF19E /* Main.storyboard */; };
		5349CB4024EDFF81005EF19E /* Assets.xcassets in Resources */ = {isa = PBXBuildFile; fileRef = 5349CB3F24EDFF81005EF19E /* Assets.xcassets */; };
		5349CB4324EDFF81005EF19E /* LaunchScreen.storyboard in Resources */ = {isa = PBXBuildFile; fileRef = 5349CB4124EDFF81005EF19E /* LaunchScreen.storyboard */; };
		5349CB4D24EE01DA005EF19E /* EntryView.storyboard in Resources */ = {isa = PBXBuildFile; fileRef = 5349CB4C24EE01DA005EF19E /* EntryView.storyboard */; };
		5349CB4F24EE01EC005EF19E /* NotesView.storyboard in Resources */ = {isa = PBXBuildFile; fileRef = 5349CB4E24EE01EC005EF19E /* NotesView.storyboard */; };
		5349CB5324EE0242005EF19E /* EntryViewController.swift in Sources */ = {isa = PBXBuildFile; fileRef = 5349CB5224EE0242005EF19E /* EntryViewController.swift */; };
		5349CB5624EE025A005EF19E /* NotesViewController.swift in Sources */ = {isa = PBXBuildFile; fileRef = 5349CB5524EE025A005EF19E /* NotesViewController.swift */; };
		5349CB5A24EE02DC005EF19E /* HomePageView.storyboard in Resources */ = {isa = PBXBuildFile; fileRef = 5349CB5924EE02DC005EF19E /* HomePageView.storyboard */; };
		5349CB5C24EE02E9005EF19E /* HomePageViewController.swift in Sources */ = {isa = PBXBuildFile; fileRef = 5349CB5B24EE02E9005EF19E /* HomePageViewController.swift */; };
		53D1D89324F077450005410D /* LoginViewController.swift in Sources */ = {isa = PBXBuildFile; fileRef = 53D1D89224F077450005410D /* LoginViewController.swift */; };
		53D1D89524F0774D0005410D /* Login.storyboard in Resources */ = {isa = PBXBuildFile; fileRef = 53D1D89424F0774D0005410D /* Login.storyboard */; };
/* End PBXBuildFile section */

/* Begin PBXFileReference section */
		5349CB3324EDFF80005EF19E /* KnightNotes.app */ = {isa = PBXFileReference; explicitFileType = wrapper.application; includeInIndex = 0; path = KnightNotes.app; sourceTree = BUILT_PRODUCTS_DIR; };
		5349CB3624EDFF80005EF19E /* AppDelegate.swift */ = {isa = PBXFileReference; lastKnownFileType = sourcecode.swift; path = AppDelegate.swift; sourceTree = "<group>"; };
		5349CB3824EDFF80005EF19E /* SceneDelegate.swift */ = {isa = PBXFileReference; lastKnownFileType = sourcecode.swift; path = SceneDelegate.swift; sourceTree = "<group>"; };
		5349CB3A24EDFF80005EF19E /* ViewController.swift */ = {isa = PBXFileReference; lastKnownFileType = sourcecode.swift; path = ViewController.swift; sourceTree = "<group>"; };
		5349CB3D24EDFF80005EF19E /* Base */ = {isa = PBXFileReference; lastKnownFileType = file.storyboard; name = Base; path = Base.lproj/Main.storyboard; sourceTree = "<group>"; };
		5349CB3F24EDFF81005EF19E /* Assets.xcassets */ = {isa = PBXFileReference; lastKnownFileType = folder.assetcatalog; path = Assets.xcassets; sourceTree = "<group>"; };
		5349CB4224EDFF81005EF19E /* Base */ = {isa = PBXFileReference; lastKnownFileType = file.storyboard; name = Base; path = Base.lproj/LaunchScreen.storyboard; sourceTree = "<group>"; };
		5349CB4424EDFF81005EF19E /* Info.plist */ = {isa = PBXFileReference; lastKnownFileType = text.plist.xml; path = Info.plist; sourceTree = "<group>"; };
		5349CB4C24EE01DA005EF19E /* EntryView.storyboard */ = {isa = PBXFileReference; lastKnownFileType = file.storyboard; path = EntryView.storyboard; sourceTree = "<group>"; };
		5349CB4E24EE01EC005EF19E /* NotesView.storyboard */ = {isa = PBXFileReference; lastKnownFileType = file.storyboard; path = NotesView.storyboard; sourceTree = "<group>"; };
		5349CB5224EE0242005EF19E /* EntryViewController.swift */ = {isa = PBXFileReference; lastKnownFileType = sourcecode.swift; path = EntryViewController.swift; sourceTree = "<group>"; };
		5349CB5524EE025A005EF19E /* NotesViewController.swift */ = {isa = PBXFileReference; lastKnownFileType = sourcecode.swift; path = NotesViewController.swift; sourceTree = "<group>"; };
		5349CB5924EE02DC005EF19E /* HomePageView.storyboard */ = {isa = PBXFileReference; lastKnownFileType = file.storyboard; path = HomePageView.storyboard; sourceTree = "<group>"; };
		5349CB5B24EE02E9005EF19E /* HomePageViewController.swift */ = {isa = PBXFileReference; lastKnownFileType = sourcecode.swift; path = HomePageViewController.swift; sourceTree = "<group>"; };
		53D1D89224F077450005410D /* LoginViewController.swift */ = {isa = PBXFileReference; lastKnownFileType = sourcecode.swift; path = LoginViewController.swift; sourceTree = "<group>"; };
		53D1D89424F0774D0005410D /* Login.storyboard */ = {isa = PBXFileReference; lastKnownFileType = file.storyboard; path = Login.storyboard; sourceTree = "<group>"; };
/* End PBXFileReference section */

/* Begin PBXFrameworksBuildPhase section */
		5349CB3024EDFF80005EF19E /* Frameworks */ = {
			isa = PBXFrameworksBuildPhase;
			buildActionMask = 2147483647;
			files = (
			);
			runOnlyForDeploymentPostprocessing = 0;
		};
/* End PBXFrameworksBuildPhase section */

/* Begin PBXGroup section */
		5349CB2A24EDFF80005EF19E = {
			isa = PBXGroup;
			children = (
				5349CB3524EDFF80005EF19E /* KnightNotes */,
				5349CB3424EDFF80005EF19E /* Products */,
			);
			sourceTree = "<group>";
		};
		5349CB3424EDFF80005EF19E /* Products */ = {
			isa = PBXGroup;
			children = (
				5349CB3324EDFF80005EF19E /* KnightNotes.app */,
			);
			name = Products;
			sourceTree = "<group>";
		};
		5349CB3524EDFF80005EF19E /* KnightNotes */ = {
			isa = PBXGroup;
			children = (
				5349CB3624EDFF80005EF19E /* AppDelegate.swift */,
				5349CB3824EDFF80005EF19E /* SceneDelegate.swift */,
				5349CB5024EE01F3005EF19E /* Main */,
				5349CB3F24EDFF81005EF19E /* Assets.xcassets */,
				5349CB4124EDFF81005EF19E /* LaunchScreen.storyboard */,
				5349CB4424EDFF81005EF19E /* Info.plist */,
			);
			path = KnightNotes;
			sourceTree = "<group>";
		};
		5349CB5024EE01F3005EF19E /* Main */ = {
			isa = PBXGroup;
			children = (
				53D1D89124F0772E0005410D /* Account */,
				5349CB5124EE0217005EF19E /* MainView */,
				5349CB5824EE02C8005EF19E /* HomePageView */,
				5349CB5424EE0246005EF19E /* EntryView */,
				5349CB5724EE025D005EF19E /* NotesView */,
			);
			path = Main;
			sourceTree = "<group>";
		};
		5349CB5124EE0217005EF19E /* MainView */ = {
			isa = PBXGroup;
			children = (
				5349CB3C24EDFF80005EF19E /* Main.storyboard */,
				5349CB3A24EDFF80005EF19E /* ViewController.swift */,
			);
			path = MainView;
			sourceTree = "<group>";
		};
		5349CB5424EE0246005EF19E /* EntryView */ = {
			isa = PBXGroup;
			children = (
				5349CB4C24EE01DA005EF19E /* EntryView.storyboard */,
				5349CB5224EE0242005EF19E /* EntryViewController.swift */,
			);
			path = EntryView;
			sourceTree = "<group>";
		};
		5349CB5724EE025D005EF19E /* NotesView */ = {
			isa = PBXGroup;
			children = (
				5349CB4E24EE01EC005EF19E /* NotesView.storyboard */,
				5349CB5524EE025A005EF19E /* NotesViewController.swift */,
			);
			path = NotesView;
			sourceTree = "<group>";
		};
		5349CB5824EE02C8005EF19E /* HomePageView */ = {
			isa = PBXGroup;
			children = (
				5349CB5924EE02DC005EF19E /* HomePageView.storyboard */,
				5349CB5B24EE02E9005EF19E /* HomePageViewController.swift */,
			);
			path = HomePageView;
			sourceTree = "<group>";
		};
		53D1D89124F0772E0005410D /* Account */ = {
			isa = PBXGroup;
			children = (
				53D1D89224F077450005410D /* LoginViewController.swift */,
				53D1D89424F0774D0005410D /* Login.storyboard */,
			);
			path = Account;
			sourceTree = "<group>";
		};
/* End PBXGroup section */

/* Begin PBXNativeTarget section */
		5349CB3224EDFF80005EF19E /* KnightNotes */ = {
			isa = PBXNativeTarget;
			buildConfigurationList = 5349CB4724EDFF81005EF19E /* Build configuration list for PBXNativeTarget "KnightNotes" */;
			buildPhases = (
				5349CB2F24EDFF80005EF19E /* Sources */,
				5349CB3024EDFF80005EF19E /* Frameworks */,
				5349CB3124EDFF80005EF19E /* Resources */,
			);
			buildRules = (
			);
			dependencies = (
			);
			name = KnightNotes;
			productName = KnightNotes;
			productReference = 5349CB3324EDFF80005EF19E /* KnightNotes.app */;
			productType = "com.apple.product-type.application";
		};
/* End PBXNativeTarget section */

/* Begin PBXProject section */
		5349CB2B24EDFF80005EF19E /* Project object */ = {
			isa = PBXProject;
			attributes = {
				LastSwiftUpdateCheck = 1160;
				LastUpgradeCheck = 1160;
				ORGANIZATIONNAME = "Christian Elijah";
				TargetAttributes = {
					5349CB3224EDFF80005EF19E = {
						CreatedOnToolsVersion = 11.6;
					};
				};
			};
			buildConfigurationList = 5349CB2E24EDFF80005EF19E /* Build configuration list for PBXProject "KnightNotes" */;
			compatibilityVersion = "Xcode 9.3";
			developmentRegion = en;
			hasScannedForEncodings = 0;
			knownRegions = (
				en,
				Base,
			);
			mainGroup = 5349CB2A24EDFF80005EF19E;
			productRefGroup = 5349CB3424EDFF80005EF19E /* Products */;
			projectDirPath = "";
			projectRoot = "";
			targets = (
				5349CB3224EDFF80005EF19E /* KnightNotes */,
			);
		};
/* End PBXProject section */

/* Begin PBXResourcesBuildPhase section */
		5349CB3124EDFF80005EF19E /* Resources */ = {
			isa = PBXResourcesBuildPhase;
			buildActionMask = 2147483647;
			files = (
				5349CB4D24EE01DA005EF19E /* EntryView.storyboard in Resources */,
				5349CB5A24EE02DC005EF19E /* HomePageView.storyboard in Resources */,
				53D1D89524F0774D0005410D /* Login.storyboard in Resources */,
				5349CB4324EDFF81005EF19E /* LaunchScreen.storyboard in Resources */,
				5349CB4F24EE01EC005EF19E /* NotesView.storyboard in Resources */,
				5349CB4024EDFF81005EF19E /* Assets.xcassets in Resources */,
				5349CB3E24EDFF80005EF19E /* Main.storyboard in Resources */,
			);
			runOnlyForDeploymentPostprocessing = 0;
		};
/* End PBXResourcesBuildPhase section */

/* Begin PBXSourcesBuildPhase section */
		5349CB2F24EDFF80005EF19E /* Sources */ = {
			isa = PBXSourcesBuildPhase;
			buildActionMask = 2147483647;
			files = (
				53D1D89324F077450005410D /* LoginViewController.swift in Sources */,
				5349CB3B24EDFF80005EF19E /* ViewController.swift in Sources */,
				5349CB5624EE025A005EF19E /* NotesViewController.swift in Sources */,
				5349CB5C24EE02E9005EF19E /* HomePageViewController.swift in Sources */,
				5349CB5324EE0242005EF19E /* EntryViewController.swift in Sources */,
				5349CB3724EDFF80005EF19E /* AppDelegate.swift in Sources */,
				5349CB3924EDFF80005EF19E /* SceneDelegate.swift in Sources */,
			);
			runOnlyForDeploymentPostprocessing = 0;
		};
/* End PBXSourcesBuildPhase section */

/* Begin PBXVariantGroup section */
		5349CB3C24EDFF80005EF19E /* Main.storyboard */ = {
			isa = PBXVariantGroup;
			children = (
				5349CB3D24EDFF80005EF19E /* Base */,
			);
			name = Main.storyboard;
			sourceTree = "<group>";
		};
		5349CB4124EDFF81005EF19E /* LaunchScreen.storyboard */ = {
			isa = PBXVariantGroup;
			children = (
				5349CB4224EDFF81005EF19E /* Base */,
			);
			name = LaunchScreen.storyboard;
			sourceTree = "<group>";
		};
/* End PBXVariantGroup section */

/* Begin XCBuildConfiguration section */
		5349CB4524EDFF81005EF19E /* Debug */ = {
			isa = XCBuildConfiguration;
			buildSettings = {
				ALWAYS_SEARCH_USER_PATHS = NO;
				CLANG_ANALYZER_NONNULL = YES;
				CLANG_ANALYZER_NUMBER_OBJECT_CONVERSION = YES_AGGRESSIVE;
				CLANG_CXX_LANGUAGE_STANDARD = "gnu++14";
				CLANG_CXX_LIBRARY = "libc++";
				CLANG_ENABLE_MODULES = YES;
				CLANG_ENABLE_OBJC_ARC = YES;
				CLANG_ENABLE_OBJC_WEAK = YES;
				CLANG_WARN_BLOCK_CAPTURE_AUTORELEASING = YES;
				CLANG_WARN_BOOL_CONVERSION = YES;
				CLANG_WARN_COMMA = YES;
				CLANG_WARN_CONSTANT_CONVERSION = YES;
				CLANG_WARN_DEPRECATED_OBJC_IMPLEMENTATIONS = YES;
				CLANG_WARN_DIRECT_OBJC_ISA_USAGE = YES_ERROR;
				CLANG_WARN_DOCUMENTATION_COMMENTS = YES;
				CLANG_WARN_EMPTY_BODY = YES;
				CLANG_WARN_ENUM_CONVERSION = YES;
				CLANG_WARN_INFINITE_RECURSION = YES;
				CLANG_WARN_INT_CONVERSION = YES;
				CLANG_WARN_NON_LITERAL_NULL_CONVERSION = YES;
				CLANG_WARN_OBJC_IMPLICIT_RETAIN_SELF = YES;
				CLANG_WARN_OBJC_LITERAL_CONVERSION = YES;
				CLANG_WARN_OBJC_ROOT_CLASS = YES_ERROR;
				CLANG_WARN_RANGE_LOOP_ANALYSIS = YES;
				CLANG_WARN_STRICT_PROTOTYPES = YES;
				CLANG_WARN_SUSPICIOUS_MOVE = YES;
				CLANG_WARN_UNGUARDED_AVAILABILITY = YES_AGGRESSIVE;
				CLANG_WARN_UNREACHABLE_CODE = YES;
				CLANG_WARN__DUPLICATE_METHOD_MATCH = YES;
				COPY_PHASE_STRIP = NO;
				DEBUG_INFORMATION_FORMAT = dwarf;
				ENABLE_STRICT_OBJC_MSGSEND = YES;
				ENABLE_TESTABILITY = YES;
				GCC_C_LANGUAGE_STANDARD = gnu11;
				GCC_DYNAMIC_NO_PIC = NO;
				GCC_NO_COMMON_BLOCKS = YES;
				GCC_OPTIMIZATION_LEVEL = 0;
				GCC_PREPROCESSOR_DEFINITIONS = (
					"DEBUG=1",
					"$(inherited)",
				);
				GCC_WARN_64_TO_32_BIT_CONVERSION = YES;
				GCC_WARN_ABOUT_RETURN_TYPE = YES_ERROR;
				GCC_WARN_UNDECLARED_SELECTOR = YES;
				GCC_WARN_UNINITIALIZED_AUTOS = YES_AGGRESSIVE;
				GCC_WARN_UNUSED_FUNCTION = YES;
				GCC_WARN_UNUSED_VARIABLE = YES;
				IPHONEOS_DEPLOYMENT_TARGET = 13.6;
				MTL_ENABLE_DEBUG_INFO = INCLUDE_SOURCE;
				MTL_FAST_MATH = YES;
				ONLY_ACTIVE_ARCH = YES;
				SDKROOT = iphoneos;
				SWIFT_ACTIVE_COMPILATION_CONDITIONS = DEBUG;
				SWIFT_OPTIMIZATION_LEVEL = "-Onone";
			};
			name = Debug;
		};
		5349CB4624EDFF81005EF19E /* Release */ = {
			isa = XCBuildConfiguration;
			buildSettings = {
				ALWAYS_SEARCH_USER_PATHS = NO;
				CLANG_ANALYZER_NONNULL = YES;
				CLANG_ANALYZER_NUMBER_OBJECT_CONVERSION = YES_AGGRESSIVE;
				CLANG_CXX_LANGUAGE_STANDARD = "gnu++14";
				CLANG_CXX_LIBRARY = "libc++";
				CLANG_ENABLE_MODULES = YES;
				CLANG_ENABLE_OBJC_ARC = YES;
				CLANG_ENABLE_OBJC_WEAK = YES;
				CLANG_WARN_BLOCK_CAPTURE_AUTORELEASING = YES;
				CLANG_WARN_BOOL_CONVERSION = YES;
				CLANG_WARN_COMMA = YES;
				CLANG_WARN_CONSTANT_CONVERSION = YES;
				CLANG_WARN_DEPRECATED_OBJC_IMPLEMENTATIONS = YES;
				CLANG_WARN_DIRECT_OBJC_ISA_USAGE = YES_ERROR;
				CLANG_WARN_DOCUMENTATION_COMMENTS = YES;
				CLANG_WARN_EMPTY_BODY = YES;
				CLANG_WARN_ENUM_CONVERSION = YES;
				CLANG_WARN_INFINITE_RECURSION = YES;
				CLANG_WARN_INT_CONVERSION = YES;
				CLANG_WARN_NON_LITERAL_NULL_CONVERSION = YES;
				CLANG_WARN_OBJC_IMPLICIT_RETAIN_SELF = YES;
				CLANG_WARN_OBJC_LITERAL_CONVERSION = YES;
				CLANG_WARN_OBJC_ROOT_CLASS = YES_ERROR;
				CLANG_WARN_RANGE_LOOP_ANALYSIS = YES;
				CLANG_WARN_STRICT_PROTOTYPES = YES;
				CLANG_WARN_SUSPICIOUS_MOVE = YES;
				CLANG_WARN_UNGUARDED_AVAILABILITY = YES_AGGRESSIVE;
				CLANG_WARN_UNREACHABLE_CODE = YES;
				CLANG_WARN__DUPLICATE_METHOD_MATCH = YES;
				COPY_PHASE_STRIP = NO;
				DEBUG_INFORMATION_FORMAT = "dwarf-with-dsym";
				ENABLE_NS_ASSERTIONS = NO;
				ENABLE_STRICT_OBJC_MSGSEND = YES;
				GCC_C_LANGUAGE_STANDARD = gnu11;
				GCC_NO_COMMON_BLOCKS = YES;
				GCC_WARN_64_TO_32_BIT_CONVERSION = YES;
				GCC_WARN_ABOUT_RETURN_TYPE = YES_ERROR;
				GCC_WARN_UNDECLARED_SELECTOR = YES;
				GCC_WARN_UNINITIALIZED_AUTOS = YES_AGGRESSIVE;
				GCC_WARN_UNUSED_FUNCTION = YES;
				GCC_WARN_UNUSED_VARIABLE = YES;
				IPHONEOS_DEPLOYMENT_TARGET = 13.6;
				MTL_ENABLE_DEBUG_INFO = NO;
				MTL_FAST_MATH = YES;
				SDKROOT = iphoneos;
				SWIFT_COMPILATION_MODE = wholemodule;
				SWIFT_OPTIMIZATION_LEVEL = "-O";
				VALIDATE_PRODUCT = YES;
			};
			name = Release;
		};
		5349CB4824EDFF81005EF19E /* Debug */ = {
			isa = XCBuildConfiguration;
			buildSettings = {
				ASSETCATALOG_COMPILER_APPICON_NAME = AppIcon;
				CODE_SIGN_STYLE = Automatic;
				DEVELOPMENT_TEAM = WPR3K55VLC;
				INFOPLIST_FILE = KnightNotes/Info.plist;
				LD_RUNPATH_SEARCH_PATHS = (
					"$(inherited)",
					"@executable_path/Frameworks",
				);
				PRODUCT_BUNDLE_IDENTIFIER = me.francis.christian.KnightNotes;
				PRODUCT_NAME = "$(TARGET_NAME)";
				SWIFT_VERSION = 5.0;
				TARGETED_DEVICE_FAMILY = "1,2";
			};
			name = Debug;
		};
		5349CB4924EDFF81005EF19E /* Release */ = {
			isa = XCBuildConfiguration;
			buildSettings = {
				ASSETCATALOG_COMPILER_APPICON_NAME = AppIcon;
				CODE_SIGN_STYLE = Automatic;
				DEVELOPMENT_TEAM = WPR3K55VLC;
				INFOPLIST_FILE = KnightNotes/Info.plist;
				LD_RUNPATH_SEARCH_PATHS = (
					"$(inherited)",
					"@executable_path/Frameworks",
				);
				PRODUCT_BUNDLE_IDENTIFIER = me.francis.christian.KnightNotes;
				PRODUCT_NAME = "$(TARGET_NAME)";
				SWIFT_VERSION = 5.0;
				TARGETED_DEVICE_FAMILY = "1,2";
			};
			name = Release;
		};
/* End XCBuildConfiguration section */

/* Begin XCConfigurationList section */
		5349CB2E24EDFF80005EF19E /* Build configuration list for PBXProject "KnightNotes" */ = {
			isa = XCConfigurationList;
			buildConfigurations = (
				5349CB4524EDFF81005EF19E /* Debug */,
				5349CB4624EDFF81005EF19E /* Release */,
			);
			defaultConfigurationIsVisible = 0;
			defaultConfigurationName = Release;
		};
		5349CB4724EDFF81005EF19E /* Build configuration list for PBXNativeTarget "KnightNotes" */ = {
			isa = XCConfigurationList;
			buildConfigurations = (
				5349CB4824EDFF81005EF19E /* Debug */,
				5349CB4924EDFF81005EF19E /* Release */,
			);
			defaultConfigurationIsVisible = 0;
			defaultConfigurationName = Release;
		};
/* End XCConfigurationList section */
	};
	rootObject = 5349CB2B24EDFF80005EF19E /* Project object */;
}
